
Microsoft Visual Studio Solution File, Format Version 12.00
# Visual Studio Version 17
VisualStudioVersion = 17.7.34031.279
MinimumVisualStudioVersion = 10.0.40219.1
Project("{8BC9CEB8-8B4A-11D0-8D11-00A0C91BC942}") = "Test", "Test\Test.vcxproj", "{A197AA26-3D32-4DCF-9866-4D753374863F}"
EndProject
Global
	GlobalSection(SolutionConfigurationPlatforms) = preSolution
		Debug|x64 = Debug|x64
		Debug|x86 = Debug|x86
		Release|x64 = Release|x64
		Release|x86 = Release|x86
	EndGlobalSection
	GlobalSection(ProjectConfigurationPlatforms) = postSolution
		{A197AA26-3D32-4DCF-9866-4D753374863F}.Debug|x64.ActiveCfg = Debug|x64
		{A197AA26-3D32-4DCF-9866-4D753374863F}.Debug|x64.Build.0 = Debug|x64
		{A197AA26-3D32-4DCF-9866-4D753374863F}.Debug|x86.ActiveCfg = Debug|Win32
		{A197AA26-3D32-4DCF-9866-4D753374863F}.Debug|x86.Build.0 = Debug|Win32
		{A197AA26-3D32-4DCF-9866-4D753374863F}.Release|x64.ActiveCfg = Release|x64
		{A197AA26-3D32-4DCF-9866-4D753374863F}.Release|x64.Build.0 = Release|x64
		{A197AA26-3D32-4DCF-9866-4D753374863F}.Release|x86.ActiveCfg = Release|Win32
		{A197AA26-3D32-4DCF-9866-4D753374863F}.Release|x86.Build.0 = Release|Win32
	EndGlobalSection
	GlobalSection(SolutionProperties) = preSolution
		HideSolutionNode = FALSE
	EndGlobalSection
	GlobalSection(ExtensibilityGlobals) = postSolution
		SolutionGuid = {7818DAEF-A8C0-4782-BD8D-4EB42656C7D1}
	EndGlobalSection
EndGlobal
